
Microsoft Visual Studio Solution File, Format Version 12.00
# Visual Studio Version 17
VisualStudioVersion = 17.10.35013.160
MinimumVisualStudioVersion = 10.0.40219.1
Project("{FAE04EC0-301F-11D3-BF4B-00C04F79EFBC}") = "Api", "Api\Api.csproj", "{1C7C13AF-E1B4-467E-90DA-15C45C9D272F}"
EndProject
Project("{FAE04EC0-301F-11D3-BF4B-00C04F79EFBC}") = "Core", "Core\Core.csproj", "{34E29EB6-1190-4D20-98DB-E1E664AE79E7}"
EndProject
Project("{FAE04EC0-301F-11D3-BF4B-00C04F79EFBC}") = "Infrastructure", "Infrastructure\Infrastructure.csproj", "{A6E671E3-0494-495B-91D3-543847C71780}"
EndProject
Global
	GlobalSection(SolutionConfigurationPlatforms) = preSolution
		Debug|Any CPU = Debug|Any CPU
		Release|Any CPU = Release|Any CPU
	EndGlobalSection
	GlobalSection(ProjectConfigurationPlatforms) = postSolution
		{1C7C13AF-E1B4-467E-90DA-15C45C9D272F}.Debug|Any CPU.ActiveCfg = Debug|Any CPU
		{1C7C13AF-E1B4-467E-90DA-15C45C9D272F}.Debug|Any CPU.Build.0 = Debug|Any CPU
		{1C7C13AF-E1B4-467E-90DA-15C45C9D272F}.Release|Any CPU.ActiveCfg = Release|Any CPU
		{1C7C13AF-E1B4-467E-90DA-15C45C9D272F}.Release|Any CPU.Build.0 = Release|Any CPU
		{34E29EB6-1190-4D20-98DB-E1E664AE79E7}.Debug|Any CPU.ActiveCfg = Debug|Any CPU
		{34E29EB6-1190-4D20-98DB-E1E664AE79E7}.Debug|Any CPU.Build.0 = Debug|Any CPU
		{34E29EB6-1190-4D20-98DB-E1E664AE79E7}.Release|Any CPU.ActiveCfg = Release|Any CPU
		{34E29EB6-1190-4D20-98DB-E1E664AE79E7}.Release|Any CPU.Build.0 = Release|Any CPU
		{A6E671E3-0494-495B-91D3-543847C71780}.Debug|Any CPU.ActiveCfg = Debug|Any CPU
		{A6E671E3-0494-495B-91D3-543847C71780}.Debug|Any CPU.Build.0 = Debug|Any CPU
		{A6E671E3-0494-495B-91D3-543847C71780}.Release|Any CPU.ActiveCfg = Release|Any CPU
		{A6E671E3-0494-495B-91D3-543847C71780}.Release|Any CPU.Build.0 = Release|Any CPU
	EndGlobalSection
	GlobalSection(SolutionProperties) = preSolution
		HideSolutionNode = FALSE
	EndGlobalSection
	GlobalSection(ExtensibilityGlobals) = postSolution
		SolutionGuid = {37EEC32A-3675-4791-841B-F7F7AC47C155}
	EndGlobalSection
EndGlobal
